// !$*UTF8*$!
{
	archiveVersion = 1;
	classes = {
	};
	objectVersion = 77;
	objects = {

/* Begin PBXContainerItemProxy section */
		5E0822222E6B03F5003E6007 /* PBXContainerItemProxy */ = {
			isa = PBXContainerItemProxy;
			containerPortal = 5E08220C2E6B03F3003E6007 /* Project object */;
			proxyType = 1;
			remoteGlobalIDString = 5E0822132E6B03F3003E6007;
			remoteInfo = Parkee;
		};
		5E08222C2E6B03F5003E6007 /* PBXContainerItemProxy */ = {
			isa = PBXContainerItemProxy;
			containerPortal = 5E08220C2E6B03F3003E6007 /* Project object */;
			proxyType = 1;
			remoteGlobalIDString = 5E0822132E6B03F3003E6007;
			remoteInfo = Parkee;
		};
/* End PBXContainerItemProxy section */

/* Begin PBXFileReference section */
		5E0822142E6B03F3003E6007 /* Parkee.app */ = {isa = PBXFileReference; explicitFileType = wrapper.application; includeInIndex = 0; path = Parkee.app; sourceTree = BUILT_PRODUCTS_DIR; };
		5E0822212E6B03F5003E6007 /* ParkeeTests.xctest */ = {isa = PBXFileReference; explicitFileType = wrapper.cfbundle; includeInIndex = 0; path = ParkeeTests.xctest; sourceTree = BUILT_PRODUCTS_DIR; };
		5E08222B2E6B03F5003E6007 /* ParkeeUITests.xctest */ = {isa = PBXFileReference; explicitFileType = wrapper.cfbundle; includeInIndex = 0; path = ParkeeUITests.xctest; sourceTree = BUILT_PRODUCTS_DIR; };
/* End PBXFileReference section */

/* Begin PBXFileSystemSynchronizedRootGroup section */
		5E0822162E6B03F3003E6007 /* Parkee */ = {
			isa = PBXFileSystemSynchronizedRootGroup;
			path = Parkee;
			sourceTree = "<group>";
		};
		5E0822242E6B03F5003E6007 /* ParkeeTests */ = {
			isa = PBXFileSystemSynchronizedRootGroup;
			path = ParkeeTests;
			sourceTree = "<group>";
		};
		5E08222E2E6B03F5003E6007 /* ParkeeUITests */ = {
			isa = PBXFileSystemSynchronizedRootGroup;
			path = ParkeeUITests;
			sourceTree = "<group>";
		};
/* End PBXFileSystemSynchronizedRootGroup section */

/* Begin PBXFrameworksBuildPhase section */
		5E0822112E6B03F3003E6007 /* Frameworks */ = {
			isa = PBXFrameworksBuildPhase;
			buildActionMask = 2147483647;
			files = (
			);
			runOnlyForDeploymentPostprocessing = 0;
		};
		5E08221E2E6B03F5003E6007 /* Frameworks */ = {
			isa = PBXFrameworksBuildPhase;
			buildActionMask = 2147483647;
			files = (
			);
			runOnlyForDeploymentPostprocessing = 0;
		};
		5E0822282E6B03F5003E6007 /* Frameworks */ = {
			isa = PBXFrameworksBuildPhase;
			buildActionMask = 2147483647;
			files = (
			);
			runOnlyForDeploymentPostprocessing = 0;
		};
/* End PBXFrameworksBuildPhase section */

/* Begin PBXGroup section */
		5E08220B2E6B03F3003E6007 = {
			isa = PBXGroup;
			children = (
				5E0822162E6B03F3003E6007 /* Parkee */,
				5E0822242E6B03F5003E6007 /* ParkeeTests */,
				5E08222E2E6B03F5003E6007 /* ParkeeUITests */,
				5E0822152E6B03F3003E6007 /* Products */,
			);
			sourceTree = "<group>";
		};
		5E0822152E6B03F3003E6007 /* Products */ = {
			isa = PBXGroup;
			children = (
				5E0822142E6B03F3003E6007 /* Parkee.app */,
				5E0822212E6B03F5003E6007 /* ParkeeTests.xctest */,
				5E08222B2E6B03F5003E6007 /* ParkeeUITests.xctest */,
			);
			name = Products;
			sourceTree = "<group>";
		};
/* End PBXGroup section */

/* Begin PBXNativeTarget section */
		5E0822132E6B03F3003E6007 /* Parkee */ = {
			isa = PBXNativeTarget;
			buildConfigurationList = 5E0822352E6B03F5003E6007 /* Build configuration list for PBXNativeTarget "Parkee" */;
			buildPhases = (
				5E0822102E6B03F3003E6007 /* Sources */,
				5E0822112E6B03F3003E6007 /* Frameworks */,
				5E0822122E6B03F3003E6007 /* Resources */,
			);
			buildRules = (
			);
			dependencies = (
			);
			fileSystemSynchronizedGroups = (
				5E0822162E6B03F3003E6007 /* Parkee */,
			);
			name = Parkee;
			packageProductDependencies = (
			);
			productName = Parkee;
			productReference = 5E0822142E6B03F3003E6007 /* Parkee.app */;
			productType = "com.apple.product-type.application";
		};
		5E0822202E6B03F5003E6007 /* ParkeeTests */ = {
			isa = PBXNativeTarget;
			buildConfigurationList = 5E0822382E6B03F5003E6007 /* Build configuration list for PBXNativeTarget "ParkeeTests" */;
			buildPhases = (
				5E08221D2E6B03F5003E6007 /* Sources */,
				5E08221E2E6B03F5003E6007 /* Frameworks */,
				5E08221F2E6B03F5003E6007 /* Resources */,
			);
			buildRules = (
			);
			dependencies = (
				5E0822232E6B03F5003E6007 /* PBXTargetDependency */,
			);
			fileSystemSynchronizedGroups = (
				5E0822242E6B03F5003E6007 /* ParkeeTests */,
			);
			name = ParkeeTests;
			packageProductDependencies = (
			);
			productName = ParkeeTests;
			productReference = 5E0822212E6B03F5003E6007 /* ParkeeTests.xctest */;
			productType = "com.apple.product-type.bundle.unit-test";
		};
		5E08222A2E6B03F5003E6007 /* ParkeeUITests */ = {
			isa = PBXNativeTarget;
			buildConfigurationList = 5E08223B2E6B03F5003E6007 /* Build configuration list for PBXNativeTarget "ParkeeUITests" */;
			buildPhases = (
				5E0822272E6B03F5003E6007 /* Sources */,
				5E0822282E6B03F5003E6007 /* Frameworks */,
				5E0822292E6B03F5003E6007 /* Resources */,
			);
			buildRules = (
			);
			dependencies = (
				5E08222D2E6B03F5003E6007 /* PBXTargetDependency */,
			);
			fileSystemSynchronizedGroups = (
				5E08222E2E6B03F5003E6007 /* ParkeeUITests */,
			);
			name = ParkeeUITests;
			packageProductDependencies = (
			);
			productName = ParkeeUITests;
			productReference = 5E08222B2E6B03F5003E6007 /* ParkeeUITests.xctest */;
			productType = "com.apple.product-type.bundle.ui-testing";
		};
/* End PBXNativeTarget section */

/* Begin PBXProject section */
		5E08220C2E6B03F3003E6007 /* Project object */ = {
			isa = PBXProject;
			attributes = {
				BuildIndependentTargetsInParallel = 1;
				LastSwiftUpdateCheck = 1640;
				LastUpgradeCheck = 1640;
				TargetAttributes = {
					5E0822132E6B03F3003E6007 = {
						CreatedOnToolsVersion = 16.4;
					};
					5E0822202E6B03F5003E6007 = {
						CreatedOnToolsVersion = 16.4;
						TestTargetID = 5E0822132E6B03F3003E6007;
					};
					5E08222A2E6B03F5003E6007 = {
						CreatedOnToolsVersion = 16.4;
						TestTargetID = 5E0822132E6B03F3003E6007;
					};
				};
			};
			buildConfigurationList = 5E08220F2E6B03F3003E6007 /* Build configuration list for PBXProject "Parkee" */;
			developmentRegion = en;
			hasScannedForEncodings = 0;
			knownRegions = (
				en,
				Base,
			);
			mainGroup = 5E08220B2E6B03F3003E6007;
			minimizedProjectReferenceProxies = 1;
			preferredProjectObjectVersion = 77;
			productRefGroup = 5E0822152E6B03F3003E6007 /* Products */;
			projectDirPath = "";
			projectRoot = "";
			targets = (
				5E0822132E6B03F3003E6007 /* Parkee */,
				5E0822202E6B03F5003E6007 /* ParkeeTests */,
				5E08222A2E6B03F5003E6007 /* ParkeeUITests */,
			);
		};
/* End PBXProject section */

/* Begin PBXResourcesBuildPhase section */
		5E0822122E6B03F3003E6007 /* Resources */ = {
			isa = PBXResourcesBuildPhase;
			buildActionMask = 2147483647;
			files = (
			);
			runOnlyForDeploymentPostprocessing = 0;
		};
		5E08221F2E6B03F5003E6007 /* Resources */ = {
			isa = PBXResourcesBuildPhase;
			buildActionMask = 2147483647;
			files = (
			);
			runOnlyForDeploymentPostprocessing = 0;
		};
		5E0822292E6B03F5003E6007 /* Resources */ = {
			isa = PBXResourcesBuildPhase;
			buildActionMask = 2147483647;
			files = (
			);
			runOnlyForDeploymentPostprocessing = 0;
		};
/* End PBXResourcesBuildPhase section */

/* Begin PBXSourcesBuildPhase section */
		5E0822102E6B03F3003E6007 /* Sources */ = {
			isa = PBXSourcesBuildPhase;
			buildActionMask = 2147483647;
			files = (
			);
			runOnlyForDeploymentPostprocessing = 0;
		};
		5E08221D2E6B03F5003E6007 /* Sources */ = {
			isa = PBXSourcesBuildPhase;
			buildActionMask = 2147483647;
			files = (
			);
			runOnlyForDeploymentPostprocessing = 0;
		};
		5E0822272E6B03F5003E6007 /* Sources */ = {
			isa = PBXSourcesBuildPhase;
			buildActionMask = 2147483647;
			files = (
			);
			runOnlyForDeploymentPostprocessing = 0;
		};
/* End PBXSourcesBuildPhase section */

/* Begin PBXTargetDependency section */
		5E0822232E6B03F5003E6007 /* PBXTargetDependency */ = {
			isa = PBXTargetDependency;
			target = 5E0822132E6B03F3003E6007 /* Parkee */;
			targetProxy = 5E0822222E6B03F5003E6007 /* PBXContainerItemProxy */;
		};
		5E08222D2E6B03F5003E6007 /* PBXTargetDependency */ = {
			isa = PBXTargetDependency;
			target = 5E0822132E6B03F3003E6007 /* Parkee */;
			targetProxy = 5E08222C2E6B03F5003E6007 /* PBXContainerItemProxy */;
		};
/* End PBXTargetDependency section */

/* Begin XCBuildConfiguration section */
		5E0822332E6B03F5003E6007 /* Debug */ = {
			isa = XCBuildConfiguration;
			buildSettings = {
				ALWAYS_SEARCH_USER_PATHS = NO;
				ASSETCATALOG_COMPILER_GENERATE_SWIFT_ASSET_SYMBOL_EXTENSIONS = YES;
				CLANG_ANALYZER_NONNULL = YES;
				CLANG_ANALYZER_NUMBER_OBJECT_CONVERSION = YES_AGGRESSIVE;
				CLANG_CXX_LANGUAGE_STANDARD = "gnu++20";
				CLANG_ENABLE_MODULES = YES;
				CLANG_ENABLE_OBJC_ARC = YES;
				CLANG_ENABLE_OBJC_WEAK = YES;
				CLANG_WARN_BLOCK_CAPTURE_AUTORELEASING = YES;
				CLANG_WARN_BOOL_CONVERSION = YES;
				CLANG_WARN_COMMA = YES;
				CLANG_WARN_CONSTANT_CONVERSION = YES;
				CLANG_WARN_DEPRECATED_OBJC_IMPLEMENTATIONS = YES;
				CLANG_WARN_DIRECT_OBJC_ISA_USAGE = YES_ERROR;
				CLANG_WARN_DOCUMENTATION_COMMENTS = YES;
				CLANG_WARN_EMPTY_BODY = YES;
				CLANG_WARN_ENUM_CONVERSION = YES;
				CLANG_WARN_INFINITE_RECURSION = YES;
				CLANG_WARN_INT_CONVERSION = YES;
				CLANG_WARN_NON_LITERAL_NULL_CONVERSION = YES;
				CLANG_WARN_OBJC_IMPLICIT_RETAIN_SELF = YES;
				CLANG_WARN_OBJC_LITERAL_CONVERSION = YES;
				CLANG_WARN_OBJC_ROOT_CLASS = YES_ERROR;
				CLANG_WARN_QUOTED_INCLUDE_IN_FRAMEWORK_HEADER = YES;
				CLANG_WARN_RANGE_LOOP_ANALYSIS = YES;
				CLANG_WARN_STRICT_PROTOTYPES = YES;
				CLANG_WARN_SUSPICIOUS_MOVE = YES;
				CLANG_WARN_UNGUARDED_AVAILABILITY = YES_AGGRESSIVE;
				CLANG_WARN_UNREACHABLE_CODE = YES;
				CLANG_WARN__DUPLICATE_METHOD_MATCH = YES;
				COPY_PHASE_STRIP = NO;
				DEBUG_INFORMATION_FORMAT = dwarf;
				ENABLE_STRICT_OBJC_MSGSEND = YES;
				ENABLE_TESTABILITY = YES;
				ENABLE_USER_SCRIPT_SANDBOXING = YES;
				GCC_C_LANGUAGE_STANDARD = gnu17;
				GCC_DYNAMIC_NO_PIC = NO;
				GCC_NO_COMMON_BLOCKS = YES;
				GCC_OPTIMIZATION_LEVEL = 0;
				GCC_PREPROCESSOR_DEFINITIONS = (
					"DEBUG=1",
					"$(inherited)",
				);
				GCC_WARN_64_TO_32_BIT_CONVERSION = YES;
				GCC_WARN_ABOUT_RETURN_TYPE = YES_ERROR;
				GCC_WARN_UNDECLARED_SELECTOR = YES;
				GCC_WARN_UNINITIALIZED_AUTOS = YES_AGGRESSIVE;
				GCC_WARN_UNUSED_FUNCTION = YES;
				GCC_WARN_UNUSED_VARIABLE = YES;
				IPHONEOS_DEPLOYMENT_TARGET = 17.0;
				LOCALIZATION_PREFERS_STRING_CATALOGS = YES;
				MTL_ENABLE_DEBUG_INFO = INCLUDE_SOURCE;
				MTL_FAST_MATH = YES;
				ONLY_ACTIVE_ARCH = YES;
				SDKROOT = iphoneos;
				SWIFT_ACTIVE_COMPILATION_CONDITIONS = "DEBUG $(inherited)";
				SWIFT_OPTIMIZATION_LEVEL = "-Onone";
			};
			name = Debug;
		};
		5E0822342E6B03F5003E6007 /* Release */ = {
			isa = XCBuildConfiguration;
			buildSettings = {
				ALWAYS_SEARCH_USER_PATHS = NO;
				ASSETCATALOG_COMPILER_GENERATE_SWIFT_ASSET_SYMBOL_EXTENSIONS = YES;
				CLANG_ANALYZER_NONNULL = YES;
				CLANG_ANALYZER_NUMBER_OBJECT_CONVERSION = YES_AGGRESSIVE;
				CLANG_CXX_LANGUAGE_STANDARD = "gnu++20";
				CLANG_ENABLE_MODULES = YES;
				CLANG_ENABLE_OBJC_ARC = YES;
				CLANG_ENABLE_OBJC_WEAK = YES;
				CLANG_WARN_BLOCK_CAPTURE_AUTORELEASING = YES;
				CLANG_WARN_BOOL_CONVERSION = YES;
				CLANG_WARN_COMMA = YES;
				CLANG_WARN_CONSTANT_CONVERSION = YES;
				CLANG_WARN_DEPRECATED_OBJC_IMPLEMENTATIONS = YES;
				CLANG_WARN_DIRECT_OBJC_ISA_USAGE = YES_ERROR;
				CLANG_WARN_DOCUMENTATION_COMMENTS = YES;
				CLANG_WARN_EMPTY_BODY = YES;
				CLANG_WARN_ENUM_CONVERSION = YES;
				CLANG_WARN_INFINITE_RECURSION = YES;
				CLANG_WARN_INT_CONVERSION = YES;
				CLANG_WARN_NON_LITERAL_NULL_CONVERSION = YES;
				CLANG_WARN_OBJC_IMPLICIT_RETAIN_SELF = YES;
				CLANG_WARN_OBJC_LITERAL_CONVERSION = YES;
				CLANG_WARN_OBJC_ROOT_CLASS = YES_ERROR;
				CLANG_WARN_QUOTED_INCLUDE_IN_FRAMEWORK_HEADER = YES;
				CLANG_WARN_RANGE_LOOP_ANALYSIS = YES;
				CLANG_WARN_STRICT_PROTOTYPES = YES;
				CLANG_WARN_SUSPICIOUS_MOVE = YES;
				CLANG_WARN_UNGUARDED_AVAILABILITY = YES_AGGRESSIVE;
				CLANG_WARN_UNREACHABLE_CODE = YES;
				CLANG_WARN__DUPLICATE_METHOD_MATCH = YES;
				COPY_PHASE_STRIP = NO;
				DEBUG_INFORMATION_FORMAT = "dwarf-with-dsym";
				ENABLE_NS_ASSERTIONS = NO;
				ENABLE_STRICT_OBJC_MSGSEND = YES;
				ENABLE_USER_SCRIPT_SANDBOXING = YES;
				GCC_C_LANGUAGE_STANDARD = gnu17;
				GCC_NO_COMMON_BLOCKS = YES;
				GCC_WARN_64_TO_32_BIT_CONVERSION = YES;
				GCC_WARN_ABOUT_RETURN_TYPE = YES_ERROR;
				GCC_WARN_UNDECLARED_SELECTOR = YES;
				GCC_WARN_UNINITIALIZED_AUTOS = YES_AGGRESSIVE;
				GCC_WARN_UNUSED_FUNCTION = YES;
				GCC_WARN_UNUSED_VARIABLE = YES;
				IPHONEOS_DEPLOYMENT_TARGET = 17.0;
				LOCALIZATION_PREFERS_STRING_CATALOGS = YES;
				MTL_ENABLE_DEBUG_INFO = NO;
				MTL_FAST_MATH = YES;
				SDKROOT = iphoneos;
				SWIFT_COMPILATION_MODE = wholemodule;
				VALIDATE_PRODUCT = YES;
			};
			name = Release;
		};
		5E0822362E6B03F5003E6007 /* Debug */ = {
			isa = XCBuildConfiguration;
			buildSettings = {
				ASSETCATALOG_COMPILER_APPICON_NAME = AppIcon;
				ASSETCATALOG_COMPILER_GLOBAL_ACCENT_COLOR_NAME = AccentColor;
				CODE_SIGN_STYLE = Automatic;
				CURRENT_PROJECT_VERSION = 1;
				DEVELOPMENT_TEAM = YXXWV4ZNFS;
				ENABLE_PREVIEWS = YES;
				GENERATE_INFOPLIST_FILE = YES;
				INFOPLIST_KEY_NSCameraUsageDescription = "We use the camera to add a parking photo.";
				INFOPLIST_KEY_NSLocationWhenInUseUsageDescription = "We use your location to save where you parked.";
				INFOPLIST_KEY_UIApplicationSceneManifest_Generation = YES;
				INFOPLIST_KEY_UIApplicationSupportsIndirectInputEvents = YES;
				INFOPLIST_KEY_UILaunchScreen_Generation = YES;
				INFOPLIST_KEY_UISupportedInterfaceOrientations_iPad = "UIInterfaceOrientationPortrait UIInterfaceOrientationPortraitUpsideDown UIInterfaceOrientationLandscapeLeft UIInterfaceOrientationLandscapeRight";
				INFOPLIST_KEY_UISupportedInterfaceOrientations_iPhone = "UIInterfaceOrientationPortrait UIInterfaceOrientationLandscapeLeft UIInterfaceOrientationLandscapeRight";
				IPHONEOS_DEPLOYMENT_TARGET = 17.0;
				LD_RUNPATH_SEARCH_PATHS = (
					"$(inherited)",
					"@executable_path/Frameworks",
				);
				MARKETING_VERSION = 1.0;
				PRODUCT_BUNDLE_IDENTIFIER = "com.juan-oclock.parkee.Parkee";
				PRODUCT_NAME = "$(TARGET_NAME)";
				SWIFT_EMIT_LOC_STRINGS = YES;
				SWIFT_VERSION = 5.0;
				TARGETED_DEVICE_FAMILY = "1,2";
			};
			name = Debug;
		};
		5E0822372E6B03F5003E6007 /* Release */ = {
			isa = XCBuildConfiguration;
			buildSettings = {
				ASSETCATALOG_COMPILER_APPICON_NAME = AppIcon;
				ASSETCATALOG_COMPILER_GLOBAL_ACCENT_COLOR_NAME = AccentColor;
				CODE_SIGN_STYLE = Automatic;
				CURRENT_PROJECT_VERSION = 1;
				DEVELOPMENT_TEAM = YXXWV4ZNFS;
				ENABLE_PREVIEWS = YES;
				GENERATE_INFOPLIST_FILE = YES;
				INFOPLIST_KEY_NSCameraUsageDescription = "We use the camera to add a parking photo.";
				INFOPLIST_KEY_NSLocationWhenInUseUsageDescription = "We use your location to save where you parked.";
				INFOPLIST_KEY_UIApplicationSceneManifest_Generation = YES;
				INFOPLIST_KEY_UIApplicationSupportsIndirectInputEvents = YES;
				INFOPLIST_KEY_UILaunchScreen_Generation = YES;
				INFOPLIST_KEY_UISupportedInterfaceOrientations_iPad = "UIInterfaceOrientationPortrait UIInterfaceOrientationPortraitUpsideDown UIInterfaceOrientationLandscapeLeft UIInterfaceOrientationLandscapeRight";
				INFOPLIST_KEY_UISupportedInterfaceOrientations_iPhone = "UIInterfaceOrientationPortrait UIInterfaceOrientationLandscapeLeft UIInterfaceOrientationLandscapeRight";
				IPHONEOS_DEPLOYMENT_TARGET = 17.0;
				LD_RUNPATH_SEARCH_PATHS = (
					"$(inherited)",
					"@executable_path/Frameworks",
				);
				MARKETING_VERSION = 1.0;
				PRODUCT_BUNDLE_IDENTIFIER = "com.juan-oclock.parkee.Parkee";
				PRODUCT_NAME = "$(TARGET_NAME)";
				SWIFT_EMIT_LOC_STRINGS = YES;
				SWIFT_VERSION = 5.0;
				TARGETED_DEVICE_FAMILY = "1,2";
			};
			name = Release;
		};
		5E0822392E6B03F5003E6007 /* Debug */ = {
			isa = XCBuildConfiguration;
			buildSettings = {
				BUNDLE_LOADER = "$(TEST_HOST)";
				CODE_SIGN_STYLE = Automatic;
				CURRENT_PROJECT_VERSION = 1;
				GENERATE_INFOPLIST_FILE = YES;
				IPHONEOS_DEPLOYMENT_TARGET = 17.0;
				MARKETING_VERSION = 1.0;
				PRODUCT_BUNDLE_IDENTIFIER = "com.juan-oclock.parkee.ParkeeTests";
				PRODUCT_NAME = "$(TARGET_NAME)";
				SWIFT_EMIT_LOC_STRINGS = NO;
				SWIFT_VERSION = 5.0;
				TARGETED_DEVICE_FAMILY = "1,2";
				TEST_HOST = "$(BUILT_PRODUCTS_DIR)/Parkee.app/$(BUNDLE_EXECUTABLE_FOLDER_PATH)/Parkee";
			};
			name = Debug;
		};
		5E08223A2E6B03F5003E6007 /* Release */ = {
			isa = XCBuildConfiguration;
			buildSettings = {
				BUNDLE_LOADER = "$(TEST_HOST)";
				CODE_SIGN_STYLE = Automatic;
				CURRENT_PROJECT_VERSION = 1;
				GENERATE_INFOPLIST_FILE = YES;
				IPHONEOS_DEPLOYMENT_TARGET = 17.0;
				MARKETING_VERSION = 1.0;
				PRODUCT_BUNDLE_IDENTIFIER = "com.juan-oclock.parkee.ParkeeTests";
				PRODUCT_NAME = "$(TARGET_NAME)";
				SWIFT_EMIT_LOC_STRINGS = NO;
				SWIFT_VERSION = 5.0;
				TARGETED_DEVICE_FAMILY = "1,2";
				TEST_HOST = "$(BUILT_PRODUCTS_DIR)/Parkee.app/$(BUNDLE_EXECUTABLE_FOLDER_PATH)/Parkee";
			};
			name = Release;
		};
		5E08223C2E6B03F5003E6007 /* Debug */ = {
			isa = XCBuildConfiguration;
			buildSettings = {
				CODE_SIGN_STYLE = Automatic;
				CURRENT_PROJECT_VERSION = 1;
				GENERATE_INFOPLIST_FILE = YES;
				MARKETING_VERSION = 1.0;
				PRODUCT_BUNDLE_IDENTIFIER = "com.juan-oclock.parkee.ParkeeUITests";
				PRODUCT_NAME = "$(TARGET_NAME)";
				SWIFT_EMIT_LOC_STRINGS = NO;
				SWIFT_VERSION = 5.0;
				TARGETED_DEVICE_FAMILY = "1,2";
				TEST_TARGET_NAME = Parkee;
			};
			name = Debug;
		};
		5E08223D2E6B03F5003E6007 /* Release */ = {
			isa = XCBuildConfiguration;
			buildSettings = {
				CODE_SIGN_STYLE = Automatic;
				CURRENT_PROJECT_VERSION = 1;
				GENERATE_INFOPLIST_FILE = YES;
				MARKETING_VERSION = 1.0;
				PRODUCT_BUNDLE_IDENTIFIER = "com.juan-oclock.parkee.ParkeeUITests";
				PRODUCT_NAME = "$(TARGET_NAME)";
				SWIFT_EMIT_LOC_STRINGS = NO;
				SWIFT_VERSION = 5.0;
				TARGETED_DEVICE_FAMILY = "1,2";
				TEST_TARGET_NAME = Parkee;
			};
			name = Release;
		};
/* End XCBuildConfiguration section */

/* Begin XCConfigurationList section */
		5E08220F2E6B03F3003E6007 /* Build configuration list for PBXProject "Parkee" */ = {
			isa = XCConfigurationList;
			buildConfigurations = (
				5E0822332E6B03F5003E6007 /* Debug */,
				5E0822342E6B03F5003E6007 /* Release */,
			);
			defaultConfigurationIsVisible = 0;
			defaultConfigurationName = Release;
		};
		5E0822352E6B03F5003E6007 /* Build configuration list for PBXNativeTarget "Parkee" */ = {
			isa = XCConfigurationList;
			buildConfigurations = (
				5E0822362E6B03F5003E6007 /* Debug */,
				5E0822372E6B03F5003E6007 /* Release */,
			);
			defaultConfigurationIsVisible = 0;
			defaultConfigurationName = Release;
		};
		5E0822382E6B03F5003E6007 /* Build configuration list for PBXNativeTarget "ParkeeTests" */ = {
			isa = XCConfigurationList;
			buildConfigurations = (
				5E0822392E6B03F5003E6007 /* Debug */,
				5E08223A2E6B03F5003E6007 /* Release */,
			);
			defaultConfigurationIsVisible = 0;
			defaultConfigurationName = Release;
		};
		5E08223B2E6B03F5003E6007 /* Build configuration list for PBXNativeTarget "ParkeeUITests" */ = {
			isa = XCConfigurationList;
			buildConfigurations = (
				5E08223C2E6B03F5003E6007 /* Debug */,
				5E08223D2E6B03F5003E6007 /* Release */,
			);
			defaultConfigurationIsVisible = 0;
			defaultConfigurationName = Release;
		};
/* End XCConfigurationList section */
	};
	rootObject = 5E08220C2E6B03F3003E6007 /* Project object */;
}
